Microsoft Visual Studio Solution File, Format Version 12.00
# Visual Studio 2012
Project("{FAE04EC0-301F-11D3-BF4B-00C04F79EFBC}") = "Farm", "Farm.csproj", "{B8E57193-589A-4C44-A365-4ACAAB8DCFF2}"
EndProject
Global
	GlobalSection(SolutionConfigurationPlatforms) = preSolution
	Debug|Any CPU = Debug|Any CPU
	ExportDebug|Any CPU = ExportDebug|Any CPU
	ExportRelease|Any CPU = ExportRelease|Any CPU
	EndGlobalSection
	GlobalSection(ProjectConfigurationPlatforms) = postSolution
		{B8E57193-589A-4C44-A365-4ACAAB8DCFF2}.Debug|Any CPU.ActiveCfg = Debug|Any CPU
		{B8E57193-589A-4C44-A365-4ACAAB8DCFF2}.Debug|Any CPU.Build.0 = Debug|Any CPU
		{B8E57193-589A-4C44-A365-4ACAAB8DCFF2}.ExportDebug|Any CPU.ActiveCfg = ExportDebug|Any CPU
		{B8E57193-589A-4C44-A365-4ACAAB8DCFF2}.ExportDebug|Any CPU.Build.0 = ExportDebug|Any CPU
		{B8E57193-589A-4C44-A365-4ACAAB8DCFF2}.ExportRelease|Any CPU.ActiveCfg = ExportRelease|Any CPU
		{B8E57193-589A-4C44-A365-4ACAAB8DCFF2}.ExportRelease|Any CPU.Build.0 = ExportRelease|Any CPU
	EndGlobalSection
EndGlobal
